// !$*UTF8*$!
{
	archiveVersion = 1;
	classes = {
	};
	objectVersion = 46;
	objects = {

/* Begin PBXBuildFile section */
		DC1EA87D1B31BE9A009E7494 /* main.m in Sources */ = {isa = PBXBuildFile; fileRef = DC1EA87C1B31BE9A009E7494 /* main.m */; };
		DC1EA8801B31BE9A009E7494 /* AppDelegate.m in Sources */ = {isa = PBXBuildFile; fileRef = DC1EA87F1B31BE9A009E7494 /* AppDelegate.m */; };
		DC1EA8831B31BE9A009E7494 /* ViewController.m in Sources */ = {isa = PBXBuildFile; fileRef = DC1EA8821B31BE9A009E7494 /* ViewController.m */; };
		DC1EA8861B31BE9A009E7494 /* Main.storyboard in Resources */ = {isa = PBXBuildFile; fileRef = DC1EA8841B31BE9A009E7494 /* Main.storyboard */; };
		DC1EA8881B31BE9A009E7494 /* Images.xcassets in Resources */ = {isa = PBXBuildFile; fileRef = DC1EA8871B31BE9A009E7494 /* Images.xcassets */; };
		DC1EA88B1B31BE9A009E7494 /* LaunchScreen.xib in Resources */ = {isa = PBXBuildFile; fileRef = DC1EA8891B31BE9A009E7494 /* LaunchScreen.xib */; };
		DC1EA8971B31BE9A009E7494 /* UnitTestTests.m in Sources */ = {isa = PBXBuildFile; fileRef = DC1EA8961B31BE9A009E7494 /* UnitTestTests.m */; };
/* End PBXBuildFile section */

/* Begin PBXContainerItemProxy section */
		DC1EA8911B31BE9A009E7494 /* PBXContainerItemProxy */ = {
			isa = PBXContainerItemProxy;
			containerPortal = DC1EA86F1B31BE9A009E7494 /* Project object */;
			proxyType = 1;
			remoteGlobalIDString = DC1EA8761B31BE9A009E7494;
			remoteInfo = UnitTest;
		};
/* End PBXContainerItemProxy section */

/* Begin PBXFileReference section */
		DC1EA8771B31BE9A009E7494 /* UnitTest.app */ = {isa = PBXFileReference; explicitFileType = wrapper.application; includeInIndex = 0; path = UnitTest.app; sourceTree = BUILT_PRODUCTS_DIR; };
		DC1EA87B1B31BE9A009E7494 /* Info.plist */ = {isa = PBXFileReference; lastKnownFileType = text.plist.xml; path = Info.plist; sourceTree = "<group>"; };
		DC1EA87C1B31BE9A009E7494 /* main.m */ = {isa = PBXFileReference; lastKnownFileType = sourcecode.c.objc; path = main.m; sourceTree = "<group>"; };
		DC1EA87E1B31BE9A009E7494 /* AppDelegate.h */ = {isa = PBXFileReference; lastKnownFileType = sourcecode.c.h; path = AppDelegate.h; sourceTree = "<group>"; };
		DC1EA87F1B31BE9A009E7494 /* AppDelegate.m */ = {isa = PBXFileReference; lastKnownFileType = sourcecode.c.objc; path = AppDelegate.m; sourceTree = "<group>"; };
		DC1EA8811B31BE9A009E7494 /* ViewController.h */ = {isa = PBXFileReference; lastKnownFileType = sourcecode.c.h; path = ViewController.h; sourceTree = "<group>"; };
		DC1EA8821B31BE9A009E7494 /* ViewController.m */ = {isa = PBXFileReference; lastKnownFileType = sourcecode.c.objc; path = ViewController.m; sourceTree = "<group>"; };
		DC1EA8851B31BE9A009E7494 /* Base */ = {isa = PBXFileReference; lastKnownFileType = file.storyboard; name = Base; path = Base.lproj/Main.storyboard; sourceTree = "<group>"; };
		DC1EA8871B31BE9A009E7494 /* Images.xcassets */ = {isa = PBXFileReference; lastKnownFileType = folder.assetcatalog; path = Images.xcassets; sourceTree = "<group>"; };
		DC1EA88A1B31BE9A009E7494 /* Base */ = {isa = PBXFileReference; lastKnownFileType = file.xib; name = Base; path = Base.lproj/LaunchScreen.xib; sourceTree = "<group>"; };
		DC1EA8901B31BE9A009E7494 /* UnitTestTests.xctest */ = {isa = PBXFileReference; explicitFileType = wrapper.cfbundle; includeInIndex = 0; path = UnitTestTests.xctest; sourceTree = BUILT_PRODUCTS_DIR; };
		DC1EA8951B31BE9A009E7494 /* Info.plist */ = {isa = PBXFileReference; lastKnownFileType = text.plist.xml; path = Info.plist; sourceTree = "<group>"; };
		DC1EA8961B31BE9A009E7494 /* UnitTestTests.m */ = {isa = PBXFileReference; lastKnownFileType = sourcecode.c.objc; path = UnitTestTests.m; sourceTree = "<group>"; };
/* End PBXFileReference section */

/* Begin PBXFrameworksBuildPhase section */
		DC1EA8741B31BE9A009E7494 /* Frameworks */ = {
			isa = PBXFrameworksBuildPhase;
			buildActionMask = 2147483647;
			files = (
			);
			runOnlyForDeploymentPostprocessing = 0;
		};
		DC1EA88D1B31BE9A009E7494 /* Frameworks */ = {
			isa = PBXFrameworksBuildPhase;
			buildActionMask = 2147483647;
			files = (
			);
			runOnlyForDeploymentPostprocessing = 0;
		};
/* End PBXFrameworksBuildPhase section */

/* Begin PBXGroup section */
		DC1EA86E1B31BE9A009E7494 = {
			isa = PBXGroup;
			children = (
				DC1EA8791B31BE9A009E7494 /* UnitTest */,
				DC1EA8931B31BE9A009E7494 /* UnitTestTests */,
				DC1EA8781B31BE9A009E7494 /* Products */,
			);
			sourceTree = "<group>";
		};
		DC1EA8781B31BE9A009E7494 /* Products */ = {
			isa = PBXGroup;
			children = (
				DC1EA8771B31BE9A009E7494 /* UnitTest.app */,
				DC1EA8901B31BE9A009E7494 /* UnitTestTests.xctest */,
			);
			name = Products;
			sourceTree = "<group>";
		};
		DC1EA8791B31BE9A009E7494 /* UnitTest */ = {
			isa = PBXGroup;
			children = (
				DC1EA87E1B31BE9A009E7494 /* AppDelegate.h */,
				DC1EA87F1B31BE9A009E7494 /* AppDelegate.m */,
				DC1EA8811B31BE9A009E7494 /* ViewController.h */,
				DC1EA8821B31BE9A009E7494 /* ViewController.m */,
				DC1EA8841B31BE9A009E7494 /* Main.storyboard */,
				DC1EA8871B31BE9A009E7494 /* Images.xcassets */,
				DC1EA8891B31BE9A009E7494 /* LaunchScreen.xib */,
				DC1EA87A1B31BE9A009E7494 /* Supporting Files */,
			);
			path = UnitTest;
			sourceTree = "<group>";
		};
		DC1EA87A1B31BE9A009E7494 /* Supporting Files */ = {
			isa = PBXGroup;
			children = (
				DC1EA87B1B31BE9A009E7494 /* Info.plist */,
				DC1EA87C1B31BE9A009E7494 /* main.m */,
			);
			name = "Supporting Files";
			sourceTree = "<group>";
		};
		DC1EA8931B31BE9A009E7494 /* UnitTestTests */ = {
			isa = PBXGroup;
			children = (
				DC1EA8961B31BE9A009E7494 /* UnitTestTests.m */,
				DC1EA8941B31BE9A009E7494 /* Supporting Files */,
			);
			path = UnitTestTests;
			sourceTree = "<group>";
		};
		DC1EA8941B31BE9A009E7494 /* Supporting Files */ = {
			isa = PBXGroup;
			children = (
				DC1EA8951B31BE9A009E7494 /* Info.plist */,
			);
			name = "Supporting Files";
			sourceTree = "<group>";
		};
/* End PBXGroup section */

/* Begin PBXNativeTarget section */
		DC1EA8761B31BE9A009E7494 /* UnitTest */ = {
			isa = PBXNativeTarget;
			buildConfigurationList = DC1EA89A1B31BE9A009E7494 /* Build configuration list for PBXNativeTarget "UnitTest" */;
			buildPhases = (
				DC1EA8731B31BE9A009E7494 /* Sources */,
				DC1EA8741B31BE9A009E7494 /* Frameworks */,
				DC1EA8751B31BE9A009E7494 /* Resources */,
			);
			buildRules = (
			);
			dependencies = (
			);
			name = UnitTest;
			productName = UnitTest;
			productReference = DC1EA8771B31BE9A009E7494 /* UnitTest.app */;
			productType = "com.apple.product-type.application";
		};
		DC1EA88F1B31BE9A009E7494 /* UnitTestTests */ = {
			isa = PBXNativeTarget;
			buildConfigurationList = DC1EA89D1B31BE9A009E7494 /* Build configuration list for PBXNativeTarget "UnitTestTests" */;
			buildPhases = (
				DC1EA88C1B31BE9A009E7494 /* Sources */,
				DC1EA88D1B31BE9A009E7494 /* Frameworks */,
				DC1EA88E1B31BE9A009E7494 /* Resources */,
			);
			buildRules = (
			);
			dependencies = (
				DC1EA8921B31BE9A009E7494 /* PBXTargetDependency */,
			);
			name = UnitTestTests;
			productName = UnitTestTests;
			productReference = DC1EA8901B31BE9A009E7494 /* UnitTestTests.xctest */;
			productType = "com.apple.product-type.bundle.unit-test";
		};
/* End PBXNativeTarget section */

/* Begin PBXProject section */
		DC1EA86F1B31BE9A009E7494 /* Project object */ = {
			isa = PBXProject;
			attributes = {
				LastUpgradeCheck = 0630;
				ORGANIZATIONNAME = RIIS;
				TargetAttributes = {
					DC1EA8761B31BE9A009E7494 = {
						CreatedOnToolsVersion = 6.3.2;
					};
					DC1EA88F1B31BE9A009E7494 = {
						CreatedOnToolsVersion = 6.3.2;
						TestTargetID = DC1EA8761B31BE9A009E7494;
					};
				};
			};
			buildConfigurationList = DC1EA8721B31BE9A009E7494 /* Build configuration list for PBXProject "UnitTest" */;
			compatibilityVersion = "Xcode 3.2";
			developmentRegion = English;
			hasScannedForEncodings = 0;
			knownRegions = (
				en,
				Base,
			);
			mainGroup = DC1EA86E1B31BE9A009E7494;
			productRefGroup = DC1EA8781B31BE9A009E7494 /* Products */;
			projectDirPath = "";
			projectRoot = "";
			targets = (
				DC1EA8761B31BE9A009E7494 /* UnitTest */,
				DC1EA88F1B31BE9A009E7494 /* UnitTestTests */,
			);
		};
/* End PBXProject section */

/* Begin PBXResourcesBuildPhase section */
		DC1EA8751B31BE9A009E7494 /* Resources */ = {
			isa = PBXResourcesBuildPhase;
			buildActionMask = 2147483647;
			files = (
				DC1EA8861B31BE9A009E7494 /* Main.storyboard in Resources */,
				DC1EA88B1B31BE9A009E7494 /* LaunchScreen.xib in Resources */,
				DC1EA8881B31BE9A009E7494 /* Images.xcassets in Resources */,
			);
			runOnlyForDeploymentPostprocessing = 0;
		};
		DC1EA88E1B31BE9A009E7494 /* Resources */ = {
			isa = PBXResourcesBuildPhase;
			buildActionMask = 2147483647;
			files = (
			);
			runOnlyForDeploymentPostprocessing = 0;
		};
/* End PBXResourcesBuildPhase section */

/* Begin PBXSourcesBuildPhase section */
		DC1EA8731B31BE9A009E7494 /* Sources */ = {
			isa = PBXSourcesBuildPhase;
			buildActionMask = 2147483647;
			files = (
				DC1EA8831B31BE9A009E7494 /* ViewController.m in Sources */,
				DC1EA8801B31BE9A009E7494 /* AppDelegate.m in Sources */,
				DC1EA87D1B31BE9A009E7494 /* main.m in Sources */,
			);
			runOnlyForDeploymentPostprocessing = 0;
		};
		DC1EA88C1B31BE9A009E7494 /* Sources */ = {
			isa = PBXSourcesBuildPhase;
			buildActionMask = 2147483647;
			files = (
				DC1EA8971B31BE9A009E7494 /* UnitTestTests.m in Sources */,
			);
			runOnlyForDeploymentPostprocessing = 0;
		};
/* End PBXSourcesBuildPhase section */

/* Begin PBXTargetDependency section */
		DC1EA8921B31BE9A009E7494 /* PBXTargetDependency */ = {
			isa = PBXTargetDependency;
			target = DC1EA8761B31BE9A009E7494 /* UnitTest */;
			targetProxy = DC1EA8911B31BE9A009E7494 /* PBXContainerItemProxy */;
		};
/* End PBXTargetDependency section */

/* Begin PBXVariantGroup section */
		DC1EA8841B31BE9A009E7494 /* Main.storyboard */ = {
			isa = PBXVariantGroup;
			children = (
				DC1EA8851B31BE9A009E7494 /* Base */,
			);
			name = Main.storyboard;
			sourceTree = "<group>";
		};
		DC1EA8891B31BE9A009E7494 /* LaunchScreen.xib */ = {
			isa = PBXVariantGroup;
			children = (
				DC1EA88A1B31BE9A009E7494 /* Base */,
			);
			name = LaunchScreen.xib;
			sourceTree = "<group>";
		};
/* End PBXVariantGroup section */

/* Begin XCBuildConfiguration section */
		DC1EA8981B31BE9A009E7494 /* Debug */ = {
			isa = XCBuildConfiguration;
			buildSettings = {
				ALWAYS_SEARCH_USER_PATHS = NO;
				CLANG_CXX_LANGUAGE_STANDARD = "gnu++0x";
				CLANG_CXX_LIBRARY = "libc++";
				CLANG_ENABLE_MODULES = YES;
				CLANG_ENABLE_OBJC_ARC = YES;
				CLANG_WARN_BOOL_CONVERSION = YES;
				CLANG_WARN_CONSTANT_CONVERSION = YES;
				CLANG_WARN_DIRECT_OBJC_ISA_USAGE = YES_ERROR;
				CLANG_WARN_EMPTY_BODY = YES;
				CLANG_WARN_ENUM_CONVERSION = YES;
				CLANG_WARN_INT_CONVERSION = YES;
				CLANG_WARN_OBJC_ROOT_CLASS = YES_ERROR;
				CLANG_WARN_UNREACHABLE_CODE = YES;
				CLANG_WARN__DUPLICATE_METHOD_MATCH = YES;
				"CODE_SIGN_IDENTITY[sdk=iphoneos*]" = "iPhone Developer";
				COPY_PHASE_STRIP = NO;
				DEBUG_INFORMATION_FORMAT = "dwarf-with-dsym";
				ENABLE_STRICT_OBJC_MSGSEND = YES;
				GCC_C_LANGUAGE_STANDARD = gnu99;
				GCC_DYNAMIC_NO_PIC = NO;
				GCC_NO_COMMON_BLOCKS = YES;
				GCC_OPTIMIZATION_LEVEL = 0;
				GCC_PREPROCESSOR_DEFINITIONS = (
					"DEBUG=1",
					"$(inherited)",
				);
				GCC_SYMBOLS_PRIVATE_EXTERN = NO;
				GCC_WARN_64_TO_32_BIT_CONVERSION = YES;
				GCC_WARN_ABOUT_RETURN_TYPE = YES_ERROR;
				GCC_WARN_UNDECLARED_SELECTOR = YES;
				GCC_WARN_UNINITIALIZED_AUTOS = YES_AGGRESSIVE;
				GCC_WARN_UNUSED_FUNCTION = YES;
				GCC_WARN_UNUSED_VARIABLE = YES;
				IPHONEOS_DEPLOYMENT_TARGET = 8.3;
				MTL_ENABLE_DEBUG_INFO = YES;
				ONLY_ACTIVE_ARCH = YES;
				SDKROOT = iphoneos;
			};
			name = Debug;
		};
		DC1EA8991B31BE9A009E7494 /* Release */ = {
			isa = XCBuildConfiguration;
			buildSettings = {
				ALWAYS_SEARCH_USER_PATHS = NO;
				CLANG_CXX_LANGUAGE_STANDARD = "gnu++0x";
				CLANG_CXX_LIBRARY = "libc++";
				CLANG_ENABLE_MODULES = YES;
				CLANG_ENABLE_OBJC_ARC = YES;
				CLANG_WARN_BOOL_CONVERSION = YES;
				CLANG_WARN_CONSTANT_CONVERSION = YES;
				CLANG_WARN_DIRECT_OBJC_ISA_USAGE = YES_ERROR;
				CLANG_WARN_EMPTY_BODY = YES;
				CLANG_WARN_ENUM_CONVERSION = YES;
				CLANG_WARN_INT_CONVERSION = YES;
				CLANG_WARN_OBJC_ROOT_CLASS = YES_ERROR;
				CLANG_WARN_UNREACHABLE_CODE = YES;
				CLANG_WARN__DUPLICATE_METHOD_MATCH = YES;
				"CODE_SIGN_IDENTITY[sdk=iphoneos*]" = "iPhone Developer";
				COPY_PHASE_STRIP = NO;
				DEBUG_INFORMATION_FORMAT = "dwarf-with-dsym";
				ENABLE_NS_ASSERTIONS = NO;
				ENABLE_STRICT_OBJC_MSGSEND = YES;
				GCC_C_LANGUAGE_STANDARD = gnu99;
				GCC_NO_COMMON_BLOCKS = YES;
				GCC_WARN_64_TO_32_BIT_CONVERSION = YES;
				GCC_WARN_ABOUT_RETURN_TYPE = YES_ERROR;
				GCC_WARN_UNDECLARED_SELECTOR = YES;
				GCC_WARN_UNINITIALIZED_AUTOS = YES_AGGRESSIVE;
				GCC_WARN_UNUSED_FUNCTION = YES;
				GCC_WARN_UNUSED_VARIABLE = YES;
				IPHONEOS_DEPLOYMENT_TARGET = 8.3;
				MTL_ENABLE_DEBUG_INFO = NO;
				SDKROOT = iphoneos;
				VALIDATE_PRODUCT = YES;
			};
			name = Release;
		};
		DC1EA89B1B31BE9A009E7494 /* Debug */ = {
			isa = XCBuildConfiguration;
			buildSettings = {
				ASSETCATALOG_COMPILER_APPICON_NAME = AppIcon;
				INFOPLIST_FILE = UnitTest/Info.plist;
				LD_RUNPATH_SEARCH_PATHS = "$(inherited) @executable_path/Frameworks";
				PRODUCT_NAME = "$(TARGET_NAME)";
			};
			name = Debug;
		};
		DC1EA89C1B31BE9A009E7494 /* Release */ = {
			isa = XCBuildConfiguration;
			buildSettings = {
				ASSETCATALOG_COMPILER_APPICON_NAME = AppIcon;
				INFOPLIST_FILE = UnitTest/Info.plist;
				LD_RUNPATH_SEARCH_PATHS = "$(inherited) @executable_path/Frameworks";
				PRODUCT_NAME = "$(TARGET_NAME)";
			};
			name = Release;
		};
		DC1EA89E1B31BE9A009E7494 /* Debug */ = {
			isa = XCBuildConfiguration;
			buildSettings = {
				BUNDLE_LOADER = "$(TEST_HOST)";
				FRAMEWORK_SEARCH_PATHS = (
					"$(SDKROOT)/Developer/Library/Frameworks",
					"$(inherited)",
				);
				GCC_PREPROCESSOR_DEFINITIONS = (
					"DEBUG=1",
					"$(inherited)",
				);
				INFOPLIST_FILE = UnitTestTests/Info.plist;
				LD_RUNPATH_SEARCH_PATHS = "$(inherited) @executable_path/Frameworks @loader_path/Frameworks";
				PRODUCT_NAME = "$(TARGET_NAME)";
				TEST_HOST = "$(BUILT_PRODUCTS_DIR)/UnitTest.app/UnitTest";
			};
			name = Debug;
		};
		DC1EA89F1B31BE9A009E7494 /* Release */ = {
			isa = XCBuildConfiguration;
			buildSettings = {
				BUNDLE_LOADER = "$(TEST_HOST)";
				FRAMEWORK_SEARCH_PATHS = (
					"$(SDKROOT)/Developer/Library/Frameworks",
					"$(inherited)",
				);
				INFOPLIST_FILE = UnitTestTests/Info.plist;
				LD_RUNPATH_SEARCH_PATHS = "$(inherited) @executable_path/Frameworks @loader_path/Frameworks";
				PRODUCT_NAME = "$(TARGET_NAME)";
				TEST_HOST = "$(BUILT_PRODUCTS_DIR)/UnitTest.app/UnitTest";
			};
			name = Release;
		};
/* End XCBuildConfiguration section */

/* Begin XCConfigurationList section */
		DC1EA8721B31BE9A009E7494 /* Build configuration list for PBXProject "UnitTest" */ = {
			isa = XCConfigurationList;
			buildConfigurations = (
				DC1EA8981B31BE9A009E7494 /* Debug */,
				DC1EA8991B31BE9A009E7494 /* Release */,
			);
			defaultConfigurationIsVisible = 0;
			defaultConfigurationName = Release;
		};
		DC1EA89A1B31BE9A009E7494 /* Build configuration list for PBXNativeTarget "UnitTest" */ = {
			isa = XCConfigurationList;
			buildConfigurations = (
				DC1EA89B1B31BE9A009E7494 /* Debug */,
				DC1EA89C1B31BE9A009E7494 /* Release */,
			);
			defaultConfigurationIsVisible = 0;
		};
		DC1EA89D1B31BE9A009E7494 /* Build configuration list for PBXNativeTarget "UnitTestTests" */ = {
			isa = XCConfigurationList;
			buildConfigurations = (
				DC1EA89E1B31BE9A009E7494 /* Debug */,
				DC1EA89F1B31BE9A009E7494 /* Release */,
			);
			defaultConfigurationIsVisible = 0;
		};
/* End XCConfigurationList section */
	};
	rootObject = DC1EA86F1B31BE9A009E7494 /* Project object */;
}
